
Microsoft Visual Studio Solution File, Format Version 12.00
# Visual Studio Version 16
VisualStudioVersion = 16.0.29025.244
MinimumVisualStudioVersion = 10.0.40219.1
Project("{FAE04EC0-301F-11D3-BF4B-00C04F79EFBC}") = "OnBreak.Datos", "OnBreak.Datos\OnBreak.Datos.csproj", "{18314D3A-A6AF-49FF-B566-2EAF09EAD888}"
EndProject
Project("{FAE04EC0-301F-11D3-BF4B-00C04F79EFBC}") = "OnBreak.Negocios", "OnBreak.Negocios\OnBreak.Negocios.csproj", "{C5F60F23-B732-415F-ADE6-A29804D04323}"
EndProject
Project("{FAE04EC0-301F-11D3-BF4B-00C04F79EFBC}") = "OnBreak.Presentacion", "OnBreak.Presentacion\OnBreak.Presentacion.csproj", "{93720A59-6756-4F77-9CD2-A5AA39515C23}"
EndProject
Global
	GlobalSection(SolutionConfigurationPlatforms) = preSolution
		Debug|Any CPU = Debug|Any CPU
		Release|Any CPU = Release|Any CPU
	EndGlobalSection
	GlobalSection(ProjectConfigurationPlatforms) = postSolution
		{18314D3A-A6AF-49FF-B566-2EAF09EAD888}.Debug|Any CPU.ActiveCfg = Debug|Any CPU
		{18314D3A-A6AF-49FF-B566-2EAF09EAD888}.Debug|Any CPU.Build.0 = Debug|Any CPU
		{18314D3A-A6AF-49FF-B566-2EAF09EAD888}.Release|Any CPU.ActiveCfg = Release|Any CPU
		{18314D3A-A6AF-49FF-B566-2EAF09EAD888}.Release|Any CPU.Build.0 = Release|Any CPU
		{C5F60F23-B732-415F-ADE6-A29804D04323}.Debug|Any CPU.ActiveCfg = Debug|Any CPU
		{C5F60F23-B732-415F-ADE6-A29804D04323}.Debug|Any CPU.Build.0 = Debug|Any CPU
		{C5F60F23-B732-415F-ADE6-A29804D04323}.Release|Any CPU.ActiveCfg = Release|Any CPU
		{C5F60F23-B732-415F-ADE6-A29804D04323}.Release|Any CPU.Build.0 = Release|Any CPU
		{93720A59-6756-4F77-9CD2-A5AA39515C23}.Debug|Any CPU.ActiveCfg = Debug|Any CPU
		{93720A59-6756-4F77-9CD2-A5AA39515C23}.Debug|Any CPU.Build.0 = Debug|Any CPU
		{93720A59-6756-4F77-9CD2-A5AA39515C23}.Release|Any CPU.ActiveCfg = Release|Any CPU
		{93720A59-6756-4F77-9CD2-A5AA39515C23}.Release|Any CPU.Build.0 = Release|Any CPU
	EndGlobalSection
	GlobalSection(SolutionProperties) = preSolution
		HideSolutionNode = FALSE
	EndGlobalSection
	GlobalSection(ExtensibilityGlobals) = postSolution
		SolutionGuid = {CC256A7F-4C5A-411A-90F0-FF2A9C0F91A9}
	EndGlobalSection
EndGlobal
